
Microsoft Visual Studio Solution File, Format Version 12.00
# Visual Studio Version 17
VisualStudioVersion = 17.11.35327.3
MinimumVisualStudioVersion = 10.0.40219.1
Project("{FAE04EC0-301F-11D3-BF4B-00C04F79EFBC}") = "PedidosSurisApp", "PedidosSurisApp\PedidosSurisApp.csproj", "{01F43B6C-1917-41C4-93D9-33BD89B5966B}"
EndProject
Global
	GlobalSection(SolutionConfigurationPlatforms) = preSolution
		Debug|Any CPU = Debug|Any CPU
		Release|Any CPU = Release|Any CPU
	EndGlobalSection
	GlobalSection(ProjectConfigurationPlatforms) = postSolution
		{01F43B6C-1917-41C4-93D9-33BD89B5966B}.Debug|Any CPU.ActiveCfg = Debug|Any CPU
		{01F43B6C-1917-41C4-93D9-33BD89B5966B}.Debug|Any CPU.Build.0 = Debug|Any CPU
		{01F43B6C-1917-41C4-93D9-33BD89B5966B}.Release|Any CPU.ActiveCfg = Release|Any CPU
		{01F43B6C-1917-41C4-93D9-33BD89B5966B}.Release|Any CPU.Build.0 = Release|Any CPU
	EndGlobalSection
	GlobalSection(SolutionProperties) = preSolution
		HideSolutionNode = FALSE
	EndGlobalSection
	GlobalSection(ExtensibilityGlobals) = postSolution
		SolutionGuid = {7C4EBA1C-EEF7-4EE2-BC96-DA611F8724FF}
	EndGlobalSection
EndGlobal
